
Microsoft Visual Studio Solution File, Format Version 12.00
# Visual Studio Version 16
VisualStudioVersion = 16.0.30309.148
MinimumVisualStudioVersion = 10.0.40219.1
Project("{FAE04EC0-301F-11D3-BF4B-00C04F79EFBC}") = "WeatherUpdate.Api", "WeatherUpdate.Api\WeatherUpdate.Api.csproj", "{46F2ED8D-1246-4A2F-B182-BD5DE845D97C}"
EndProject
Project("{FAE04EC0-301F-11D3-BF4B-00C04F79EFBC}") = "WeatherUpdate.Web", "WeatherUpdate.Web\WeatherUpdate.Web.csproj", "{7B9FCA4C-75AA-4A04-B918-86759EB0BFBE}"
EndProject
Global
	GlobalSection(SolutionConfigurationPlatforms) = preSolution
		Debug|Any CPU = Debug|Any CPU
		Release|Any CPU = Release|Any CPU
	EndGlobalSection
	GlobalSection(ProjectConfigurationPlatforms) = postSolution
		{46F2ED8D-1246-4A2F-B182-BD5DE845D97C}.Debug|Any CPU.ActiveCfg = Debug|Any CPU
		{46F2ED8D-1246-4A2F-B182-BD5DE845D97C}.Debug|Any CPU.Build.0 = Debug|Any CPU
		{46F2ED8D-1246-4A2F-B182-BD5DE845D97C}.Release|Any CPU.ActiveCfg = Release|Any CPU
		{46F2ED8D-1246-4A2F-B182-BD5DE845D97C}.Release|Any CPU.Build.0 = Release|Any CPU
		{7B9FCA4C-75AA-4A04-B918-86759EB0BFBE}.Debug|Any CPU.ActiveCfg = Debug|Any CPU
		{7B9FCA4C-75AA-4A04-B918-86759EB0BFBE}.Debug|Any CPU.Build.0 = Debug|Any CPU
		{7B9FCA4C-75AA-4A04-B918-86759EB0BFBE}.Release|Any CPU.ActiveCfg = Release|Any CPU
		{7B9FCA4C-75AA-4A04-B918-86759EB0BFBE}.Release|Any CPU.Build.0 = Release|Any CPU
	EndGlobalSection
	GlobalSection(SolutionProperties) = preSolution
		HideSolutionNode = FALSE
	EndGlobalSection
	GlobalSection(ExtensibilityGlobals) = postSolution
		SolutionGuid = {FB385539-CC9B-4701-ABC5-70CA105557E1}
	EndGlobalSection
EndGlobal
